schema: '2.0'
stages:
  load_data:
    cmd: python src/stage_01_load_save.py --config=config/config.yaml
    deps:
    - path: config/config.yaml
      md5: b4160d9570a52fcec41d069167ddc2ed
      size: 205
    - path: src/stage_01_load_save.py
      md5: 2ffc8174030b170a1edfcd4580b28bfc
      size: 1124
    - path: src/utils/all_utils.py
      md5: 7d6d5e9b389835f86a795b1438f6c464
      size: 349
    outs:
    - path: artifacts/raw_local_dir/data.csv
      md5: 7d814a1bda02145efe703f4e1c01847a
      size: 93599
